
Microsoft Visual Studio Solution File, Format Version 12.00
# Visual Studio Version 17
VisualStudioVersion = 17.4.33213.308
MinimumVisualStudioVersion = 10.0.40219.1
Project("{9A19103F-16F7-4668-BE54-9A1E7A4F7556}") = "EngineX", "EngineX\EngineX.csproj", "{0B916B96-29F5-4F5A-AB3F-749759FB90DC}"
EndProject
Project("{FAE04EC0-301F-11D3-BF4B-00C04F79EFBC}") = "DebugTester", "DebugTester\DebugTester.csproj", "{5A43C857-F153-47E5-A4B6-E3569CD56CA5}"
EndProject
Global
	GlobalSection(SolutionConfigurationPlatforms) = preSolution
		Debug|Any CPU = Debug|Any CPU
		Release|Any CPU = Release|Any CPU
	EndGlobalSection
	GlobalSection(ProjectConfigurationPlatforms) = postSolution
		{0B916B96-29F5-4F5A-AB3F-749759FB90DC}.Debug|Any CPU.ActiveCfg = Debug|Any CPU
		{0B916B96-29F5-4F5A-AB3F-749759FB90DC}.Debug|Any CPU.Build.0 = Debug|Any CPU
		{0B916B96-29F5-4F5A-AB3F-749759FB90DC}.Release|Any CPU.ActiveCfg = Release|Any CPU
		{0B916B96-29F5-4F5A-AB3F-749759FB90DC}.Release|Any CPU.Build.0 = Release|Any CPU
		{5A43C857-F153-47E5-A4B6-E3569CD56CA5}.Debug|Any CPU.ActiveCfg = Debug|Any CPU
		{5A43C857-F153-47E5-A4B6-E3569CD56CA5}.Debug|Any CPU.Build.0 = Debug|Any CPU
		{5A43C857-F153-47E5-A4B6-E3569CD56CA5}.Release|Any CPU.ActiveCfg = Release|Any CPU
		{5A43C857-F153-47E5-A4B6-E3569CD56CA5}.Release|Any CPU.Build.0 = Release|Any CPU
	EndGlobalSection
	GlobalSection(SolutionProperties) = preSolution
		HideSolutionNode = FALSE
	EndGlobalSection
	GlobalSection(ExtensibilityGlobals) = postSolution
		SolutionGuid = {8592DC4A-675D-4EB9-80C7-56C88CAC71BC}
	EndGlobalSection
EndGlobal
